{
  "version": 4,
  "terraform_version": "1.9.2",
  "serial": 6,
  "lineage": "ea393ad0-e2f5-2a12-2a6f-7073f2839927",
  "outputs": {},
  "resources": [
    {
      "module": "module.network",
      "mode": "managed",
      "type": "tencentcloud_subnet",
      "name": "subnet",
      "provider": "provider[\"registry.terraform.io/tencentcloudstack/tencentcloud\"]",
      "instances": [
        {
          "schema_version": 0,
          "attributes": {
            "availability_zone": "ap-guangzhou-3",
            "available_ip_count": 253,
            "cdc_id": "",
            "cidr_block": "10.4.0.0/24",
            "create_time": "2024-07-24 17:08:40",
            "id": "subnet-7vokjnrq",
            "is_default": false,
            "is_multicast": true,
            "name": "tf-subnet-dev",
            "route_table_id": "rtb-a7louio4",
            "tags": {},
            "vpc_id": "vpc-qe8tt97x"
          },
          "sensitive_attributes": [],
          "private": "bnVsbA==",
          "dependencies": [
            "module.network.tencentcloud_vpc.vpc"
          ]
        }
      ]
    },
    {
      "module": "module.network",
      "mode": "managed",
      "type": "tencentcloud_vpc",
      "name": "vpc",
      "provider": "provider[\"registry.terraform.io/tencentcloudstack/tencentcloud\"]",
      "instances": [
        {
          "schema_version": 0,
          "attributes": {
            "assistant_cidrs": [],
            "cidr_block": "10.4.0.0/16",
            "create_time": "2024-07-24 17:08:34",
            "default_route_table_id": "rtb-a7louio4",
            "dns_servers": [
              "183.60.82.98",
              "183.60.83.19"
            ],
            "docker_assistant_cidrs": [],
            "id": "vpc-qe8tt97x",
            "is_default": false,
            "is_multicast": true,
            "name": "tf-vpc-dev",
            "tags": {}
          },
          "sensitive_attributes": [],
          "private": "bnVsbA=="
        }
      ]
    },
    {
      "module": "module.security_group",
      "mode": "managed",
      "type": "tencentcloud_security_group",
      "name": "sg",
      "provider": "provider[\"registry.terraform.io/tencentcloudstack/tencentcloud\"]",
      "instances": [
        {
          "schema_version": 0,
          "attributes": {
            "description": "",
            "id": "sg-l32vlzgt",
            "name": "tf-modules-security-group-name",
            "project_id": 0,
            "tags": null
          },
          "sensitive_attributes": [],
          "private": "bnVsbA=="
        }
      ]
    }
  ],
  "check_results": null
}
